
Microsoft Visual Studio Solution File, Format Version 12.00
# Visual Studio Version 17
VisualStudioVersion = 17.0.32112.339
MinimumVisualStudioVersion = 10.0.40219.1
Project("{9A19103F-16F7-4668-BE54-9A1E7A4F7556}") = "Wtt.EndPoint.Api", "Wtt.EndPoint.Api\Wtt.EndPoint.Api.csproj", "{60D8859C-1A47-42AA-B533-2ACAF9DF887E}"
EndProject
Project("{9A19103F-16F7-4668-BE54-9A1E7A4F7556}") = "Wtt.Domain", "Wtt.Domain\Wtt.Domain.csproj", "{C92F0C20-C4B4-4A0E-98B1-1C1C634F43C9}"
EndProject
Project("{9A19103F-16F7-4668-BE54-9A1E7A4F7556}") = "Wtt.DataAccess", "Wtt.DataAccess\Wtt.DataAccess.csproj", "{9DA1C951-3435-47B8-A760-AD121B44C5B6}"
EndProject
Project("{9A19103F-16F7-4668-BE54-9A1E7A4F7556}") = "Wtt.Services", "Wtt.Services\Wtt.Services.csproj", "{A06F2FE8-2BC3-4FEE-A9BD-430308CE839D}"
EndProject
Global
	GlobalSection(SolutionConfigurationPlatforms) = preSolution
		Debug|Any CPU = Debug|Any CPU
		Release|Any CPU = Release|Any CPU
	EndGlobalSection
	GlobalSection(ProjectConfigurationPlatforms) = postSolution
		{60D8859C-1A47-42AA-B533-2ACAF9DF887E}.Debug|Any CPU.ActiveCfg = Debug|Any CPU
		{60D8859C-1A47-42AA-B533-2ACAF9DF887E}.Debug|Any CPU.Build.0 = Debug|Any CPU
		{60D8859C-1A47-42AA-B533-2ACAF9DF887E}.Release|Any CPU.ActiveCfg = Release|Any CPU
		{60D8859C-1A47-42AA-B533-2ACAF9DF887E}.Release|Any CPU.Build.0 = Release|Any CPU
		{C92F0C20-C4B4-4A0E-98B1-1C1C634F43C9}.Debug|Any CPU.ActiveCfg = Debug|Any CPU
		{C92F0C20-C4B4-4A0E-98B1-1C1C634F43C9}.Debug|Any CPU.Build.0 = Debug|Any CPU
		{C92F0C20-C4B4-4A0E-98B1-1C1C634F43C9}.Release|Any CPU.ActiveCfg = Release|Any CPU
		{C92F0C20-C4B4-4A0E-98B1-1C1C634F43C9}.Release|Any CPU.Build.0 = Release|Any CPU
		{9DA1C951-3435-47B8-A760-AD121B44C5B6}.Debug|Any CPU.ActiveCfg = Debug|Any CPU
		{9DA1C951-3435-47B8-A760-AD121B44C5B6}.Debug|Any CPU.Build.0 = Debug|Any CPU
		{9DA1C951-3435-47B8-A760-AD121B44C5B6}.Release|Any CPU.ActiveCfg = Release|Any CPU
		{9DA1C951-3435-47B8-A760-AD121B44C5B6}.Release|Any CPU.Build.0 = Release|Any CPU
		{A06F2FE8-2BC3-4FEE-A9BD-430308CE839D}.Debug|Any CPU.ActiveCfg = Debug|Any CPU
		{A06F2FE8-2BC3-4FEE-A9BD-430308CE839D}.Debug|Any CPU.Build.0 = Debug|Any CPU
		{A06F2FE8-2BC3-4FEE-A9BD-430308CE839D}.Release|Any CPU.ActiveCfg = Release|Any CPU
		{A06F2FE8-2BC3-4FEE-A9BD-430308CE839D}.Release|Any CPU.Build.0 = Release|Any CPU
	EndGlobalSection
	GlobalSection(SolutionProperties) = preSolution
		HideSolutionNode = FALSE
	EndGlobalSection
	GlobalSection(ExtensibilityGlobals) = postSolution
		SolutionGuid = {E8637909-3976-4FA7-967A-E1BA0C9AF655}
	EndGlobalSection
EndGlobal
